{
  "name": "homework",
  "lockfileVersion": 3,
  "requires": true,
  "packages": {
    "": {
      "dependencies": {
        "int64-buffer": "^1.0.1"
      }
    },
    "node_modules/int64-buffer": {
      "version": "1.0.1",
      "resolved": "https://registry.npmjs.org/int64-buffer/-/int64-buffer-1.0.1.tgz",
      "integrity": "sha512-+3azY4pXrjAupJHU1V9uGERWlhoqNswJNji6aD/02xac7oxol508AsMC5lxKhEqyZeDFy3enq5OGWXF4u75hiw==",
      "engines": {
        "node": ">= 4.5.0"
      }
    }
  }
}
